
Microsoft Visual Studio Solution File, Format Version 12.00
# Visual Studio Version 16
VisualStudioVersion = 16.0.31129.286
MinimumVisualStudioVersion = 10.0.40219.1
Project("{FAE04EC0-301F-11D3-BF4B-00C04F79EFBC}") = "ApiBlog", "ApiBlog\ApiBlog.csproj", "{EB793B61-0278-4FCF-BC83-0D7E14DD0583}"
EndProject
Project("{FAE04EC0-301F-11D3-BF4B-00C04F79EFBC}") = "TestBlog", "TestBlog\TestBlog.csproj", "{4ECAA0FA-2C02-4F58-82BB-CEB8BC24ABC1}"
EndProject
Global
	GlobalSection(SolutionConfigurationPlatforms) = preSolution
		Debug|Any CPU = Debug|Any CPU
		Release|Any CPU = Release|Any CPU
	EndGlobalSection
	GlobalSection(ProjectConfigurationPlatforms) = postSolution
		{EB793B61-0278-4FCF-BC83-0D7E14DD0583}.Debug|Any CPU.ActiveCfg = Debug|Any CPU
		{EB793B61-0278-4FCF-BC83-0D7E14DD0583}.Debug|Any CPU.Build.0 = Debug|Any CPU
		{EB793B61-0278-4FCF-BC83-0D7E14DD0583}.Release|Any CPU.ActiveCfg = Release|Any CPU
		{EB793B61-0278-4FCF-BC83-0D7E14DD0583}.Release|Any CPU.Build.0 = Release|Any CPU
		{4ECAA0FA-2C02-4F58-82BB-CEB8BC24ABC1}.Debug|Any CPU.ActiveCfg = Debug|Any CPU
		{4ECAA0FA-2C02-4F58-82BB-CEB8BC24ABC1}.Debug|Any CPU.Build.0 = Debug|Any CPU
		{4ECAA0FA-2C02-4F58-82BB-CEB8BC24ABC1}.Release|Any CPU.ActiveCfg = Release|Any CPU
		{4ECAA0FA-2C02-4F58-82BB-CEB8BC24ABC1}.Release|Any CPU.Build.0 = Release|Any CPU
	EndGlobalSection
	GlobalSection(SolutionProperties) = preSolution
		HideSolutionNode = FALSE
	EndGlobalSection
	GlobalSection(ExtensibilityGlobals) = postSolution
		SolutionGuid = {6AD84159-5373-448A-B4E3-30F45B6E7346}
	EndGlobalSection
EndGlobal
